
Microsoft Visual Studio Solution File, Format Version 12.00
# Visual Studio Version 17
VisualStudioVersion = 17.0.32112.339
MinimumVisualStudioVersion = 10.0.40219.1
Project("{FAE04EC0-301F-11D3-BF4B-00C04F79EFBC}") = "DapperOneToOneCRUD", "DapperOneToOneCRUD\DapperOneToOneCRUD.csproj", "{CF1BB311-0A6F-4970-887C-1E3568E878DC}"
EndProject
Global
	GlobalSection(SolutionConfigurationPlatforms) = preSolution
		Debug|Any CPU = Debug|Any CPU
		Release|Any CPU = Release|Any CPU
	EndGlobalSection
	GlobalSection(ProjectConfigurationPlatforms) = postSolution
		{CF1BB311-0A6F-4970-887C-1E3568E878DC}.Debug|Any CPU.ActiveCfg = Debug|Any CPU
		{CF1BB311-0A6F-4970-887C-1E3568E878DC}.Debug|Any CPU.Build.0 = Debug|Any CPU
		{CF1BB311-0A6F-4970-887C-1E3568E878DC}.Release|Any CPU.ActiveCfg = Release|Any CPU
		{CF1BB311-0A6F-4970-887C-1E3568E878DC}.Release|Any CPU.Build.0 = Release|Any CPU
	EndGlobalSection
	GlobalSection(SolutionProperties) = preSolution
		HideSolutionNode = FALSE
	EndGlobalSection
	GlobalSection(ExtensibilityGlobals) = postSolution
		SolutionGuid = {99195A14-79B4-4F04-9C00-A7A4E4A32B9E}
	EndGlobalSection
EndGlobal
